
Microsoft Visual Studio Solution File, Format Version 12.00
# Visual Studio Version 16
VisualStudioVersion = 16.0.30114.105
MinimumVisualStudioVersion = 10.0.40219.1
Project("{FAE04EC0-301F-11D3-BF4B-00C04F79EFBC}") = "R5T.T0101", "R5T.T0101\R5T.T0101.csproj", "{7ED78110-93CD-4DD7-BF3A-6DBB06B4C333}"
EndProject
Project("{FAE04EC0-301F-11D3-BF4B-00C04F79EFBC}") = "R5T.T0101.Construction", "R5T.T0101.Construction\R5T.T0101.Construction.csproj", "{DAEC5161-3C32-4435-A5DA-A3BFDCF0B5C5}"
EndProject
Project("{FAE04EC0-301F-11D3-BF4B-00C04F79EFBC}") = "R5T.T0101.X000", "R5T.T0101.X000\R5T.T0101.X000.csproj", "{89D57A9A-37BE-4D7F-8D6D-B4438481158D}"
EndProject
Project("{FAE04EC0-301F-11D3-BF4B-00C04F79EFBC}") = "R5T.T0101.X001", "R5T.T0101.X001\R5T.T0101.X001.csproj", "{4C59A31C-1DCE-4BC5-81AB-1E57C60C7C8A}"
EndProject
Global
	GlobalSection(SolutionConfigurationPlatforms) = preSolution
		Debug|Any CPU = Debug|Any CPU
		Debug|x64 = Debug|x64
		Debug|x86 = Debug|x86
		Release|Any CPU = Release|Any CPU
		Release|x64 = Release|x64
		Release|x86 = Release|x86
	EndGlobalSection
	GlobalSection(SolutionProperties) = preSolution
		HideSolutionNode = FALSE
	EndGlobalSection
	GlobalSection(ProjectConfigurationPlatforms) = postSolution
		{7ED78110-93CD-4DD7-BF3A-6DBB06B4C333}.Debug|Any CPU.ActiveCfg = Debug|Any CPU
		{7ED78110-93CD-4DD7-BF3A-6DBB06B4C333}.Debug|Any CPU.Build.0 = Debug|Any CPU
		{7ED78110-93CD-4DD7-BF3A-6DBB06B4C333}.Debug|x64.ActiveCfg = Debug|Any CPU
		{7ED78110-93CD-4DD7-BF3A-6DBB06B4C333}.Debug|x64.Build.0 = Debug|Any CPU
		{7ED78110-93CD-4DD7-BF3A-6DBB06B4C333}.Debug|x86.ActiveCfg = Debug|Any CPU
		{7ED78110-93CD-4DD7-BF3A-6DBB06B4C333}.Debug|x86.Build.0 = Debug|Any CPU
		{7ED78110-93CD-4DD7-BF3A-6DBB06B4C333}.Release|Any CPU.ActiveCfg = Release|Any CPU
		{7ED78110-93CD-4DD7-BF3A-6DBB06B4C333}.Release|Any CPU.Build.0 = Release|Any CPU
		{7ED78110-93CD-4DD7-BF3A-6DBB06B4C333}.Release|x64.ActiveCfg = Release|Any CPU
		{7ED78110-93CD-4DD7-BF3A-6DBB06B4C333}.Release|x64.Build.0 = Release|Any CPU
		{7ED78110-93CD-4DD7-BF3A-6DBB06B4C333}.Release|x86.ActiveCfg = Release|Any CPU
		{7ED78110-93CD-4DD7-BF3A-6DBB06B4C333}.Release|x86.Build.0 = Release|Any CPU
		{DAEC5161-3C32-4435-A5DA-A3BFDCF0B5C5}.Debug|Any CPU.ActiveCfg = Debug|Any CPU
		{DAEC5161-3C32-4435-A5DA-A3BFDCF0B5C5}.Debug|Any CPU.Build.0 = Debug|Any CPU
		{DAEC5161-3C32-4435-A5DA-A3BFDCF0B5C5}.Debug|x64.ActiveCfg = Debug|Any CPU
		{DAEC5161-3C32-4435-A5DA-A3BFDCF0B5C5}.Debug|x64.Build.0 = Debug|Any CPU
		{DAEC5161-3C32-4435-A5DA-A3BFDCF0B5C5}.Debug|x86.ActiveCfg = Debug|Any CPU
		{DAEC5161-3C32-4435-A5DA-A3BFDCF0B5C5}.Debug|x86.Build.0 = Debug|Any CPU
		{DAEC5161-3C32-4435-A5DA-A3BFDCF0B5C5}.Release|Any CPU.ActiveCfg = Release|Any CPU
		{DAEC5161-3C32-4435-A5DA-A3BFDCF0B5C5}.Release|Any CPU.Build.0 = Release|Any CPU
		{DAEC5161-3C32-4435-A5DA-A3BFDCF0B5C5}.Release|x64.ActiveCfg = Release|Any CPU
		{DAEC5161-3C32-4435-A5DA-A3BFDCF0B5C5}.Release|x64.Build.0 = Release|Any CPU
		{DAEC5161-3C32-4435-A5DA-A3BFDCF0B5C5}.Release|x86.ActiveCfg = Release|Any CPU
		{DAEC5161-3C32-4435-A5DA-A3BFDCF0B5C5}.Release|x86.Build.0 = Release|Any CPU
		{89D57A9A-37BE-4D7F-8D6D-B4438481158D}.Debug|Any CPU.ActiveCfg = Debug|Any CPU
		{89D57A9A-37BE-4D7F-8D6D-B4438481158D}.Debug|Any CPU.Build.0 = Debug|Any CPU
		{89D57A9A-37BE-4D7F-8D6D-B4438481158D}.Debug|x64.ActiveCfg = Debug|Any CPU
		{89D57A9A-37BE-4D7F-8D6D-B4438481158D}.Debug|x64.Build.0 = Debug|Any CPU
		{89D57A9A-37BE-4D7F-8D6D-B4438481158D}.Debug|x86.ActiveCfg = Debug|Any CPU
		{89D57A9A-37BE-4D7F-8D6D-B4438481158D}.Debug|x86.Build.0 = Debug|Any CPU
		{89D57A9A-37BE-4D7F-8D6D-B4438481158D}.Release|Any CPU.ActiveCfg = Release|Any CPU
		{89D57A9A-37BE-4D7F-8D6D-B4438481158D}.Release|Any CPU.Build.0 = Release|Any CPU
		{89D57A9A-37BE-4D7F-8D6D-B4438481158D}.Release|x64.ActiveCfg = Release|Any CPU
		{89D57A9A-37BE-4D7F-8D6D-B4438481158D}.Release|x64.Build.0 = Release|Any CPU
		{89D57A9A-37BE-4D7F-8D6D-B4438481158D}.Release|x86.ActiveCfg = Release|Any CPU
		{89D57A9A-37BE-4D7F-8D6D-B4438481158D}.Release|x86.Build.0 = Release|Any CPU
		{4C59A31C-1DCE-4BC5-81AB-1E57C60C7C8A}.Debug|Any CPU.ActiveCfg = Debug|Any CPU
		{4C59A31C-1DCE-4BC5-81AB-1E57C60C7C8A}.Debug|Any CPU.Build.0 = Debug|Any CPU
		{4C59A31C-1DCE-4BC5-81AB-1E57C60C7C8A}.Debug|x64.ActiveCfg = Debug|Any CPU
		{4C59A31C-1DCE-4BC5-81AB-1E57C60C7C8A}.Debug|x64.Build.0 = Debug|Any CPU
		{4C59A31C-1DCE-4BC5-81AB-1E57C60C7C8A}.Debug|x86.ActiveCfg = Debug|Any CPU
		{4C59A31C-1DCE-4BC5-81AB-1E57C60C7C8A}.Debug|x86.Build.0 = Debug|Any CPU
		{4C59A31C-1DCE-4BC5-81AB-1E57C60C7C8A}.Release|Any CPU.ActiveCfg = Release|Any CPU
		{4C59A31C-1DCE-4BC5-81AB-1E57C60C7C8A}.Release|Any CPU.Build.0 = Release|Any CPU
		{4C59A31C-1DCE-4BC5-81AB-1E57C60C7C8A}.Release|x64.ActiveCfg = Release|Any CPU
		{4C59A31C-1DCE-4BC5-81AB-1E57C60C7C8A}.Release|x64.Build.0 = Release|Any CPU
		{4C59A31C-1DCE-4BC5-81AB-1E57C60C7C8A}.Release|x86.ActiveCfg = Release|Any CPU
		{4C59A31C-1DCE-4BC5-81AB-1E57C60C7C8A}.Release|x86.Build.0 = Release|Any CPU
	EndGlobalSection
EndGlobal
